{
  "nodes": {
    "hugo-bearcub": {
      "flake": false,
      "locked": {
        "lastModified": 1700877599,
        "narHash": "sha256-7uhJpAGB/GVioWLlXBLS2jGxsrkUazryQTpcfqbuWg8=",
        "owner": "huantianad",
        "repo": "hugo-bearcub",
        "rev": "6edc955e86674a78e1353c154ed90ccbaa2c21c8",
        "type": "github"
      },
      "original": {
        "owner": "huantianad",
        "repo": "hugo-bearcub",
        "type": "github"
      }
    },
    "nixpkgs": {
      "locked": {
        "lastModified": 1716358718,
        "narHash": "sha256-NQbegJb2ZZnAqp2EJhWwTf6DrZXSpA6xZCEq+RGV1r0=",
        "owner": "nixos",
        "repo": "nixpkgs",
        "rev": "3f316d2a50699a78afe5e77ca486ad553169061e",
        "type": "github"
      },
      "original": {
        "owner": "nixos",
        "ref": "nixpkgs-unstable",
        "repo": "nixpkgs",
        "type": "github"
      }
    },
    "root": {
      "inputs": {
        "hugo-bearcub": "hugo-bearcub",
        "nixpkgs": "nixpkgs"
      }
    }
  },
  "root": "root",
  "version": 7
}
