{
  "nodes": {
    "hugo-bearcub": {
      "flake": false,
      "locked": {
        "lastModified": 1686854766,
        "narHash": "sha256-ZL15omfapVN0M6OI1DqCLCYFZqn6uQ6tNaYp52XarHc=",
        "owner": "huantianad",
        "repo": "hugo-bearcub",
        "rev": "7bdda069202c889798783cebc0711f9bdf131a0d",
        "type": "github"
      },
      "original": {
        "owner": "huantianad",
        "repo": "hugo-bearcub",
        "type": "github"
      }
    },
    "nixpkgs": {
      "locked": {
        "lastModified": 1686767166,
        "narHash": "sha256-zrdYWQc6KaTXSFTI9LBbnrJ/X7UKaYp2HEXl97tSSmU=",
        "owner": "nixos",
        "repo": "nixpkgs",
        "rev": "ff1cd885da89c8f27091d7cf45af95b97970170f",
        "type": "github"
      },
      "original": {
        "owner": "nixos",
        "ref": "nixpkgs-unstable",
        "repo": "nixpkgs",
        "type": "github"
      }
    },
    "root": {
      "inputs": {
        "hugo-bearcub": "hugo-bearcub",
        "nixpkgs": "nixpkgs"
      }
    }
  },
  "root": "root",
  "version": 7
}
