{
  "nodes": {
    "hugo-bearcub": {
      "flake": false,
      "locked": {
        "lastModified": 1686776524,
        "narHash": "sha256-eBRr51ZhAusdryJJC10hW7zYtQFVhhS/oTbRhILjptM=",
        "owner": "huantianad",
        "repo": "hugo-bearcub",
        "rev": "e478396c2a0109f9588962c4fa8cae22fb92058b",
        "type": "github"
      },
      "original": {
        "owner": "huantianad",
        "repo": "hugo-bearcub",
        "type": "github"
      }
    },
    "nixpkgs": {
      "locked": {
        "lastModified": 1686582075,
        "narHash": "sha256-vtflsfKkHtF8IduxDNtbme4cojiqvlvjp5QNYhvoHXc=",
        "owner": "nixos",
        "repo": "nixpkgs",
        "rev": "7e63eed145566cca98158613f3700515b4009ce3",
        "type": "github"
      },
      "original": {
        "owner": "nixos",
        "ref": "nixpkgs-unstable",
        "repo": "nixpkgs",
        "type": "github"
      }
    },
    "root": {
      "inputs": {
        "hugo-bearcub": "hugo-bearcub",
        "nixpkgs": "nixpkgs"
      }
    }
  },
  "root": "root",
  "version": 7
}
